// !$*UTF8*$!
{
	archiveVersion = 1;
	classes = {
	};
	objectVersion = 56;
	objects = {

/* Begin PBXBuildFile section */
		8CE8A3922C66657A002AB987 /* FinalProjectApp.swift in Sources */ = {isa = PBXBuildFile; fileRef = 8CE8A3912C66657A002AB987 /* FinalProjectApp.swift */; };
		8CE8A3942C66657A002AB987 /* ContentView.swift in Sources */ = {isa = PBXBuildFile; fileRef = 8CE8A3932C66657A002AB987 /* ContentView.swift */; };
		8CE8A3962C66657B002AB987 /* Assets.xcassets in Resources */ = {isa = PBXBuildFile; fileRef = 8CE8A3952C66657B002AB987 /* Assets.xcassets */; };
		8CE8A3992C66657B002AB987 /* Preview Assets.xcassets in Resources */ = {isa = PBXBuildFile; fileRef = 8CE8A3982C66657B002AB987 /* Preview Assets.xcassets */; };
		9C15094B2C6A6090003CD729 /* Router in Frameworks */ = {isa = PBXBuildFile; productRef = 9C15094A2C6A6090003CD729 /* Router */; };
		9C15094D2C6A6094003CD729 /* UISystem in Frameworks */ = {isa = PBXBuildFile; productRef = 9C15094C2C6A6094003CD729 /* UISystem */; };
		9C311AFE2C6A661100920786 /* StorageModule in Resources */ = {isa = PBXBuildFile; fileRef = 9C311AFD2C6A661100920786 /* StorageModule */; };
		9C311B002C6A661E00920786 /* StorageModule in Frameworks */ = {isa = PBXBuildFile; productRef = 9C311AFF2C6A661E00920786 /* StorageModule */; };
		9C311B022C6A664F00920786 /* Models in Resources */ = {isa = PBXBuildFile; fileRef = 9C311B012C6A664F00920786 /* Models */; };
		9C311B042C6A665900920786 /* NetworkModule in Resources */ = {isa = PBXBuildFile; fileRef = 9C311B032C6A665900920786 /* NetworkModule */; };
		9C311B062C6A666300920786 /* NetworkModule in Frameworks */ = {isa = PBXBuildFile; productRef = 9C311B052C6A666300920786 /* NetworkModule */; };
		9C311B082C6A666700920786 /* Models in Frameworks */ = {isa = PBXBuildFile; productRef = 9C311B072C6A666700920786 /* Models */; };
		9C311B102C6A684E00920786 /* Chats.swift in Sources */ = {isa = PBXBuildFile; fileRef = 9C311B0E2C6A684E00920786 /* Chats.swift */; };
		9C311B112C6A684E00920786 /* Cell.swift in Sources */ = {isa = PBXBuildFile; fileRef = 9C311B0F2C6A684E00920786 /* Cell.swift */; };
		9C311B142C6A6D6100920786 /* KeychainAccess in Frameworks */ = {isa = PBXBuildFile; productRef = 9C311B132C6A6D6100920786 /* KeychainAccess */; };
		9C311B172C6A6E5300920786 /* ChatViewModel.swift in Sources */ = {isa = PBXBuildFile; fileRef = 9C311B162C6A6E5300920786 /* ChatViewModel.swift */; };
		9C311B192C6A737200920786 /* NotificationView.swift in Sources */ = {isa = PBXBuildFile; fileRef = 9C311B182C6A737200920786 /* NotificationView.swift */; };
		9C311B2D2C6A812800920786 /* WaitingAnimation.swift in Sources */ = {isa = PBXBuildFile; fileRef = 9C311B282C6A812800920786 /* WaitingAnimation.swift */; };
		9C374C4C2C67BA1000ABD277 /* VerificationNumberView.swift in Sources */ = {isa = PBXBuildFile; fileRef = 9C374C4B2C67BA1000ABD277 /* VerificationNumberView.swift */; };
		9C374C502C67BABD00ABD277 /* Localizable.strings in Resources */ = {isa = PBXBuildFile; fileRef = 9C374C4E2C67BABD00ABD277 /* Localizable.strings */; };
		9C374C532C67BB6D00ABD277 /* VerificationEnterNumberView.swift in Sources */ = {isa = PBXBuildFile; fileRef = 9C374C522C67BB6C00ABD277 /* VerificationEnterNumberView.swift */; };
		9C374C552C67BBE600ABD277 /* VerificationCodeView.swift in Sources */ = {isa = PBXBuildFile; fileRef = 9C374C542C67BBE600ABD277 /* VerificationCodeView.swift */; };
		9C374C572C67BC8C00ABD277 /* VerificationModel.swift in Sources */ = {isa = PBXBuildFile; fileRef = 9C374C562C67BC8C00ABD277 /* VerificationModel.swift */; };
		9C374C592C67BEA600ABD277 /* VerificationPromptView.swift in Sources */ = {isa = PBXBuildFile; fileRef = 9C374C582C67BEA600ABD277 /* VerificationPromptView.swift */; };
		9C374C5B2C67BEE800ABD277 /* CodeView.swift in Sources */ = {isa = PBXBuildFile; fileRef = 9C374C5A2C67BEE800ABD277 /* CodeView.swift */; };
		9C800C432C6C0DD9006A406D /* ChatsView.swift in Sources */ = {isa = PBXBuildFile; fileRef = 9C800C422C6C0DD9006A406D /* ChatsView.swift */; };
		9CE3EB0D2C6A298700311DF3 /* AuthRouter.swift in Sources */ = {isa = PBXBuildFile; fileRef = 9CE3EB072C6A298700311DF3 /* AuthRouter.swift */; };
		9CE3EB0E2C6A298700311DF3 /* MainRouter.swift in Sources */ = {isa = PBXBuildFile; fileRef = 9CE3EB082C6A298700311DF3 /* MainRouter.swift */; };
		9CE3EB142C6A299900311DF3 /* Router in Resources */ = {isa = PBXBuildFile; fileRef = 9CE3EB112C6A299900311DF3 /* Router */; };
		9CE3EB152C6A299900311DF3 /* UISystem in Resources */ = {isa = PBXBuildFile; fileRef = 9CE3EB122C6A299900311DF3 /* UISystem */; };
		9CE3EB182C6A29A800311DF3 /* ViewExtension.swift in Sources */ = {isa = PBXBuildFile; fileRef = 9CE3EB162C6A29A800311DF3 /* ViewExtension.swift */; };
/* End PBXBuildFile section */

/* Begin PBXFileReference section */
		8CE8A38E2C66657A002AB987 /* FinalProject.app */ = {isa = PBXFileReference; explicitFileType = wrapper.application; includeInIndex = 0; path = FinalProject.app; sourceTree = BUILT_PRODUCTS_DIR; };
		8CE8A3912C66657A002AB987 /* FinalProjectApp.swift */ = {isa = PBXFileReference; lastKnownFileType = sourcecode.swift; path = FinalProjectApp.swift; sourceTree = "<group>"; };
		8CE8A3932C66657A002AB987 /* ContentView.swift */ = {isa = PBXFileReference; lastKnownFileType = sourcecode.swift; path = ContentView.swift; sourceTree = "<group>"; };
		8CE8A3952C66657B002AB987 /* Assets.xcassets */ = {isa = PBXFileReference; lastKnownFileType = folder.assetcatalog; path = Assets.xcassets; sourceTree = "<group>"; };
		8CE8A3982C66657B002AB987 /* Preview Assets.xcassets */ = {isa = PBXFileReference; lastKnownFileType = folder.assetcatalog; path = "Preview Assets.xcassets"; sourceTree = "<group>"; };
		9C0927022C692CEE006832A4 /* FinalProject.entitlements */ = {isa = PBXFileReference; lastKnownFileType = text.plist.entitlements; path = FinalProject.entitlements; sourceTree = "<group>"; };
		9C311AFD2C6A661100920786 /* StorageModule */ = {isa = PBXFileReference; lastKnownFileType = wrapper; path = StorageModule; sourceTree = "<group>"; };
		9C311B012C6A664F00920786 /* Models */ = {isa = PBXFileReference; lastKnownFileType = wrapper; path = Models; sourceTree = "<group>"; };
		9C311B032C6A665900920786 /* NetworkModule */ = {isa = PBXFileReference; lastKnownFileType = wrapper; path = NetworkModule; sourceTree = "<group>"; };
		9C311B0E2C6A684E00920786 /* Chats.swift */ = {isa = PBXFileReference; fileEncoding = 4; lastKnownFileType = sourcecode.swift; path = Chats.swift; sourceTree = "<group>"; };
		9C311B0F2C6A684E00920786 /* Cell.swift */ = {isa = PBXFileReference; fileEncoding = 4; lastKnownFileType = sourcecode.swift; path = Cell.swift; sourceTree = "<group>"; };
		9C311B162C6A6E5300920786 /* ChatViewModel.swift */ = {isa = PBXFileReference; lastKnownFileType = sourcecode.swift; path = ChatViewModel.swift; sourceTree = "<group>"; };
		9C311B182C6A737200920786 /* NotificationView.swift */ = {isa = PBXFileReference; lastKnownFileType = sourcecode.swift; path = NotificationView.swift; sourceTree = "<group>"; };
		9C311B282C6A812800920786 /* WaitingAnimation.swift */ = {isa = PBXFileReference; fileEncoding = 4; lastKnownFileType = sourcecode.swift; path = WaitingAnimation.swift; sourceTree = "<group>"; };
		9C374C4B2C67BA1000ABD277 /* VerificationNumberView.swift */ = {isa = PBXFileReference; lastKnownFileType = sourcecode.swift; path = VerificationNumberView.swift; sourceTree = "<group>"; };
		9C374C4F2C67BABD00ABD277 /* en */ = {isa = PBXFileReference; lastKnownFileType = text.plist.strings; name = en; path = en.lproj/Localizable.strings; sourceTree = "<group>"; };
		9C374C512C67BB0600ABD277 /* ru */ = {isa = PBXFileReference; lastKnownFileType = text.plist.strings; name = ru; path = ru.lproj/Localizable.strings; sourceTree = "<group>"; };
		9C374C522C67BB6C00ABD277 /* VerificationEnterNumberView.swift */ = {isa = PBXFileReference; lastKnownFileType = sourcecode.swift; path = VerificationEnterNumberView.swift; sourceTree = "<group>"; };
		9C374C542C67BBE600ABD277 /* VerificationCodeView.swift */ = {isa = PBXFileReference; lastKnownFileType = sourcecode.swift; path = VerificationCodeView.swift; sourceTree = "<group>"; };
		9C374C562C67BC8C00ABD277 /* VerificationModel.swift */ = {isa = PBXFileReference; lastKnownFileType = sourcecode.swift; path = VerificationModel.swift; sourceTree = "<group>"; };
		9C374C582C67BEA600ABD277 /* VerificationPromptView.swift */ = {isa = PBXFileReference; lastKnownFileType = sourcecode.swift; path = VerificationPromptView.swift; sourceTree = "<group>"; };
		9C374C5A2C67BEE800ABD277 /* CodeView.swift */ = {isa = PBXFileReference; lastKnownFileType = sourcecode.swift; path = CodeView.swift; sourceTree = "<group>"; };
		9C800C422C6C0DD9006A406D /* ChatsView.swift */ = {isa = PBXFileReference; lastKnownFileType = sourcecode.swift; path = ChatsView.swift; sourceTree = "<group>"; };
		9CE3EB072C6A298700311DF3 /* AuthRouter.swift */ = {isa = PBXFileReference; fileEncoding = 4; lastKnownFileType = sourcecode.swift; path = AuthRouter.swift; sourceTree = "<group>"; };
		9CE3EB082C6A298700311DF3 /* MainRouter.swift */ = {isa = PBXFileReference; fileEncoding = 4; lastKnownFileType = sourcecode.swift; path = MainRouter.swift; sourceTree = "<group>"; };
		9CE3EB112C6A299900311DF3 /* Router */ = {isa = PBXFileReference; lastKnownFileType = wrapper; path = Router; sourceTree = "<group>"; };
		9CE3EB122C6A299900311DF3 /* UISystem */ = {isa = PBXFileReference; lastKnownFileType = wrapper; path = UISystem; sourceTree = "<group>"; };
		9CE3EB162C6A29A800311DF3 /* ViewExtension.swift */ = {isa = PBXFileReference; fileEncoding = 4; lastKnownFileType = sourcecode.swift; path = ViewExtension.swift; sourceTree = "<group>"; };
/* End PBXFileReference section */

/* Begin PBXFrameworksBuildPhase section */
		8CE8A38B2C66657A002AB987 /* Frameworks */ = {
			isa = PBXFrameworksBuildPhase;
			buildActionMask = 2147483647;
			files = (
				9C311B082C6A666700920786 /* Models in Frameworks */,
				9C15094B2C6A6090003CD729 /* Router in Frameworks */,
				9C311B142C6A6D6100920786 /* KeychainAccess in Frameworks */,
				9C311B062C6A666300920786 /* NetworkModule in Frameworks */,
				9C15094D2C6A6094003CD729 /* UISystem in Frameworks */,
				9C311B002C6A661E00920786 /* StorageModule in Frameworks */,
			);
			runOnlyForDeploymentPostprocessing = 0;
		};
/* End PBXFrameworksBuildPhase section */

/* Begin PBXGroup section */
		8CE8A3852C666579002AB987 = {
			isa = PBXGroup;
			children = (
				8CE8A3902C66657A002AB987 /* FinalProject */,
				8CE8A38F2C66657A002AB987 /* Products */,
				9CE3EB192C6A2A3E00311DF3 /* Frameworks */,
			);
			sourceTree = "<group>";
		};
		8CE8A38F2C66657A002AB987 /* Products */ = {
			isa = PBXGroup;
			children = (
				8CE8A38E2C66657A002AB987 /* FinalProject.app */,
			);
			name = Products;
			sourceTree = "<group>";
		};
		8CE8A3902C66657A002AB987 /* FinalProject */ = {
			isa = PBXGroup;
			children = (
				9C800C412C6C0DCF006A406D /* Chats */,
				9C311B1A2C6A80AD00920786 /* UIComponents */,
				9C311B152C6A6E2300920786 /* ChatViewModel */,
				9C311B092C6A673500920786 /* Cell */,
				9CE3EB172C6A29A800311DF3 /* Extensions */,
				9CE3EB132C6A299900311DF3 /* Modules */,
				9CE3EB0C2C6A298700311DF3 /* Service */,
				9CCAB5392C6A267200AB9FB1 /* VerificationCode */,
				9CCAB5382C6A262300AB9FB1 /* VerificationNumber */,
				9C0927022C692CEE006832A4 /* FinalProject.entitlements */,
				9C374C4D2C67BAA000ABD277 /* Localization */,
				8CE8A3912C66657A002AB987 /* FinalProjectApp.swift */,
				8CE8A3932C66657A002AB987 /* ContentView.swift */,
				9C374C562C67BC8C00ABD277 /* VerificationModel.swift */,
				8CE8A3952C66657B002AB987 /* Assets.xcassets */,
				8CE8A3972C66657B002AB987 /* Preview Content */,
			);
			path = FinalProject;
			sourceTree = "<group>";
		};
		8CE8A3972C66657B002AB987 /* Preview Content */ = {
			isa = PBXGroup;
			children = (
				8CE8A3982C66657B002AB987 /* Preview Assets.xcassets */,
			);
			path = "Preview Content";
			sourceTree = "<group>";
		};
		9C311B092C6A673500920786 /* Cell */ = {
			isa = PBXGroup;
			children = (
				9C311B0F2C6A684E00920786 /* Cell.swift */,
				9C311B0E2C6A684E00920786 /* Chats.swift */,
			);
			path = Cell;
			sourceTree = "<group>";
		};
		9C311B152C6A6E2300920786 /* ChatViewModel */ = {
			isa = PBXGroup;
			children = (
				9C311B162C6A6E5300920786 /* ChatViewModel.swift */,
			);
			path = ChatViewModel;
			sourceTree = "<group>";
		};
		9C311B1A2C6A80AD00920786 /* UIComponents */ = {
			isa = PBXGroup;
			children = (
				9C311B282C6A812800920786 /* WaitingAnimation.swift */,
				9C311B182C6A737200920786 /* NotificationView.swift */,
				9C374C5A2C67BEE800ABD277 /* CodeView.swift */,
			);
			path = UIComponents;
			sourceTree = "<group>";
		};
		9C374C4D2C67BAA000ABD277 /* Localization */ = {
			isa = PBXGroup;
			children = (
				9C374C4E2C67BABD00ABD277 /* Localizable.strings */,
			);
			path = Localization;
			sourceTree = "<group>";
		};
		9C800C412C6C0DCF006A406D /* Chats */ = {
			isa = PBXGroup;
			children = (
				9C800C422C6C0DD9006A406D /* ChatsView.swift */,
			);
			path = Chats;
			sourceTree = "<group>";
		};
		9CCAB5382C6A262300AB9FB1 /* VerificationNumber */ = {
			isa = PBXGroup;
			children = (
				9C374C522C67BB6C00ABD277 /* VerificationEnterNumberView.swift */,
				9C374C4B2C67BA1000ABD277 /* VerificationNumberView.swift */,
			);
			path = VerificationNumber;
			sourceTree = "<group>";
		};
		9CCAB5392C6A267200AB9FB1 /* VerificationCode */ = {
			isa = PBXGroup;
			children = (
				9C374C542C67BBE600ABD277 /* VerificationCodeView.swift */,
				9C374C582C67BEA600ABD277 /* VerificationPromptView.swift */,
			);
			path = VerificationCode;
			sourceTree = "<group>";
		};
		9CE3EB092C6A298700311DF3 /* Router */ = {
			isa = PBXGroup;
			children = (
				9CE3EB072C6A298700311DF3 /* AuthRouter.swift */,
				9CE3EB082C6A298700311DF3 /* MainRouter.swift */,
			);
			path = Router;
			sourceTree = "<group>";
		};
		9CE3EB0C2C6A298700311DF3 /* Service */ = {
			isa = PBXGroup;
			children = (
				9CE3EB092C6A298700311DF3 /* Router */,
			);
			path = Service;
			sourceTree = "<group>";
		};
		9CE3EB132C6A299900311DF3 /* Modules */ = {
			isa = PBXGroup;
			children = (
				9C311B032C6A665900920786 /* NetworkModule */,
				9C311B012C6A664F00920786 /* Models */,
				9C311AFD2C6A661100920786 /* StorageModule */,
				9CE3EB112C6A299900311DF3 /* Router */,
				9CE3EB122C6A299900311DF3 /* UISystem */,
			);
			path = Modules;
			sourceTree = "<group>";
		};
		9CE3EB172C6A29A800311DF3 /* Extensions */ = {
			isa = PBXGroup;
			children = (
				9CE3EB162C6A29A800311DF3 /* ViewExtension.swift */,
			);
			path = Extensions;
			sourceTree = "<group>";
		};
		9CE3EB192C6A2A3E00311DF3 /* Frameworks */ = {
			isa = PBXGroup;
			children = (
			);
			name = Frameworks;
			sourceTree = "<group>";
		};
/* End PBXGroup section */

/* Begin PBXNativeTarget section */
		8CE8A38D2C66657A002AB987 /* FinalProject */ = {
			isa = PBXNativeTarget;
			buildConfigurationList = 8CE8A39C2C66657B002AB987 /* Build configuration list for PBXNativeTarget "FinalProject" */;
			buildPhases = (
				8CE8A38A2C66657A002AB987 /* Sources */,
				8CE8A38B2C66657A002AB987 /* Frameworks */,
				8CE8A38C2C66657A002AB987 /* Resources */,
			);
			buildRules = (
			);
			dependencies = (
			);
			name = FinalProject;
			packageProductDependencies = (
				9C15094A2C6A6090003CD729 /* Router */,
				9C15094C2C6A6094003CD729 /* UISystem */,
				9C311AFF2C6A661E00920786 /* StorageModule */,
				9C311B052C6A666300920786 /* NetworkModule */,
				9C311B072C6A666700920786 /* Models */,
				9C311B132C6A6D6100920786 /* KeychainAccess */,
			);
			productName = FinalProject;
			productReference = 8CE8A38E2C66657A002AB987 /* FinalProject.app */;
			productType = "com.apple.product-type.application";
		};
/* End PBXNativeTarget section */

/* Begin PBXProject section */
		8CE8A3862C66657A002AB987 /* Project object */ = {
			isa = PBXProject;
			attributes = {
				BuildIndependentTargetsInParallel = 1;
				LastSwiftUpdateCheck = 1540;
				LastUpgradeCheck = 1540;
				TargetAttributes = {
					8CE8A38D2C66657A002AB987 = {
						CreatedOnToolsVersion = 15.4;
					};
				};
			};
			buildConfigurationList = 8CE8A3892C66657A002AB987 /* Build configuration list for PBXProject "FinalProject" */;
			compatibilityVersion = "Xcode 14.0";
			developmentRegion = en;
			hasScannedForEncodings = 0;
			knownRegions = (
				en,
				Base,
				ru,
			);
			mainGroup = 8CE8A3852C666579002AB987;
			packageReferences = (
				9C311B122C6A6D6100920786 /* XCRemoteSwiftPackageReference "KeychainAccess" */,
			);
			productRefGroup = 8CE8A38F2C66657A002AB987 /* Products */;
			projectDirPath = "";
			projectRoot = "";
			targets = (
				8CE8A38D2C66657A002AB987 /* FinalProject */,
			);
		};
/* End PBXProject section */

/* Begin PBXResourcesBuildPhase section */
		8CE8A38C2C66657A002AB987 /* Resources */ = {
			isa = PBXResourcesBuildPhase;
			buildActionMask = 2147483647;
			files = (
				8CE8A3992C66657B002AB987 /* Preview Assets.xcassets in Resources */,
				9C374C502C67BABD00ABD277 /* Localizable.strings in Resources */,
				9C311AFE2C6A661100920786 /* StorageModule in Resources */,
				8CE8A3962C66657B002AB987 /* Assets.xcassets in Resources */,
				9CE3EB142C6A299900311DF3 /* Router in Resources */,
				9C311B042C6A665900920786 /* NetworkModule in Resources */,
				9C311B022C6A664F00920786 /* Models in Resources */,
				9CE3EB152C6A299900311DF3 /* UISystem in Resources */,
			);
			runOnlyForDeploymentPostprocessing = 0;
		};
/* End PBXResourcesBuildPhase section */

/* Begin PBXSourcesBuildPhase section */
		8CE8A38A2C66657A002AB987 /* Sources */ = {
			isa = PBXSourcesBuildPhase;
			buildActionMask = 2147483647;
			files = (
				8CE8A3942C66657A002AB987 /* ContentView.swift in Sources */,
				9C374C4C2C67BA1000ABD277 /* VerificationNumberView.swift in Sources */,
				9C311B192C6A737200920786 /* NotificationView.swift in Sources */,
				8CE8A3922C66657A002AB987 /* FinalProjectApp.swift in Sources */,
				9C800C432C6C0DD9006A406D /* ChatsView.swift in Sources */,
				9C311B102C6A684E00920786 /* Chats.swift in Sources */,
				9C374C592C67BEA600ABD277 /* VerificationPromptView.swift in Sources */,
				9C374C532C67BB6D00ABD277 /* VerificationEnterNumberView.swift in Sources */,
				9CE3EB0E2C6A298700311DF3 /* MainRouter.swift in Sources */,
				9C374C572C67BC8C00ABD277 /* VerificationModel.swift in Sources */,
				9C311B112C6A684E00920786 /* Cell.swift in Sources */,
				9C374C552C67BBE600ABD277 /* VerificationCodeView.swift in Sources */,
				9CE3EB0D2C6A298700311DF3 /* AuthRouter.swift in Sources */,
				9C374C5B2C67BEE800ABD277 /* CodeView.swift in Sources */,
				9C311B172C6A6E5300920786 /* ChatViewModel.swift in Sources */,
				9C311B2D2C6A812800920786 /* WaitingAnimation.swift in Sources */,
				9CE3EB182C6A29A800311DF3 /* ViewExtension.swift in Sources */,
			);
			runOnlyForDeploymentPostprocessing = 0;
		};
/* End PBXSourcesBuildPhase section */

/* Begin PBXVariantGroup section */
		9C374C4E2C67BABD00ABD277 /* Localizable.strings */ = {
			isa = PBXVariantGroup;
			children = (
				9C374C4F2C67BABD00ABD277 /* en */,
				9C374C512C67BB0600ABD277 /* ru */,
			);
			name = Localizable.strings;
			sourceTree = "<group>";
		};
/* End PBXVariantGroup section */

/* Begin XCBuildConfiguration section */
		8CE8A39A2C66657B002AB987 /* Debug */ = {
			isa = XCBuildConfiguration;
			buildSettings = {
				ALWAYS_SEARCH_USER_PATHS = NO;
				ASSETCATALOG_COMPILER_GENERATE_SWIFT_ASSET_SYMBOL_EXTENSIONS = YES;
				CLANG_ANALYZER_LOCALIZABILITY_NONLOCALIZED = YES;
				CLANG_ANALYZER_NONNULL = YES;
				CLANG_ANALYZER_NUMBER_OBJECT_CONVERSION = YES_AGGRESSIVE;
				CLANG_CXX_LANGUAGE_STANDARD = "gnu++20";
				CLANG_ENABLE_MODULES = YES;
				CLANG_ENABLE_OBJC_ARC = YES;
				CLANG_ENABLE_OBJC_WEAK = YES;
				CLANG_WARN_BLOCK_CAPTURE_AUTORELEASING = YES;
				CLANG_WARN_BOOL_CONVERSION = YES;
				CLANG_WARN_COMMA = YES;
				CLANG_WARN_CONSTANT_CONVERSION = YES;
				CLANG_WARN_DEPRECATED_OBJC_IMPLEMENTATIONS = YES;
				CLANG_WARN_DIRECT_OBJC_ISA_USAGE = YES_ERROR;
				CLANG_WARN_DOCUMENTATION_COMMENTS = YES;
				CLANG_WARN_EMPTY_BODY = YES;
				CLANG_WARN_ENUM_CONVERSION = YES;
				CLANG_WARN_INFINITE_RECURSION = YES;
				CLANG_WARN_INT_CONVERSION = YES;
				CLANG_WARN_NON_LITERAL_NULL_CONVERSION = YES;
				CLANG_WARN_OBJC_IMPLICIT_RETAIN_SELF = YES;
				CLANG_WARN_OBJC_LITERAL_CONVERSION = YES;
				CLANG_WARN_OBJC_ROOT_CLASS = YES_ERROR;
				CLANG_WARN_QUOTED_INCLUDE_IN_FRAMEWORK_HEADER = YES;
				CLANG_WARN_RANGE_LOOP_ANALYSIS = YES;
				CLANG_WARN_STRICT_PROTOTYPES = YES;
				CLANG_WARN_SUSPICIOUS_MOVE = YES;
				CLANG_WARN_UNGUARDED_AVAILABILITY = YES_AGGRESSIVE;
				CLANG_WARN_UNREACHABLE_CODE = YES;
				CLANG_WARN__DUPLICATE_METHOD_MATCH = YES;
				COPY_PHASE_STRIP = NO;
				DEBUG_INFORMATION_FORMAT = dwarf;
				ENABLE_STRICT_OBJC_MSGSEND = YES;
				ENABLE_TESTABILITY = YES;
				ENABLE_USER_SCRIPT_SANDBOXING = YES;
				GCC_C_LANGUAGE_STANDARD = gnu17;
				GCC_DYNAMIC_NO_PIC = NO;
				GCC_NO_COMMON_BLOCKS = YES;
				GCC_OPTIMIZATION_LEVEL = 0;
				GCC_PREPROCESSOR_DEFINITIONS = (
					"DEBUG=1",
					"$(inherited)",
				);
				GCC_WARN_64_TO_32_BIT_CONVERSION = YES;
				GCC_WARN_ABOUT_RETURN_TYPE = YES_ERROR;
				GCC_WARN_UNDECLARED_SELECTOR = YES;
				GCC_WARN_UNINITIALIZED_AUTOS = YES_AGGRESSIVE;
				GCC_WARN_UNUSED_FUNCTION = YES;
				GCC_WARN_UNUSED_VARIABLE = YES;
				IPHONEOS_DEPLOYMENT_TARGET = 16.0;
				LOCALIZATION_PREFERS_STRING_CATALOGS = YES;
				MTL_ENABLE_DEBUG_INFO = INCLUDE_SOURCE;
				MTL_FAST_MATH = YES;
				ONLY_ACTIVE_ARCH = YES;
				SDKROOT = iphoneos;
				SWIFT_ACTIVE_COMPILATION_CONDITIONS = "DEBUG $(inherited)";
				SWIFT_OPTIMIZATION_LEVEL = "-Onone";
			};
			name = Debug;
		};
		8CE8A39B2C66657B002AB987 /* Release */ = {
			isa = XCBuildConfiguration;
			buildSettings = {
				ALWAYS_SEARCH_USER_PATHS = NO;
				ASSETCATALOG_COMPILER_GENERATE_SWIFT_ASSET_SYMBOL_EXTENSIONS = YES;
				CLANG_ANALYZER_LOCALIZABILITY_NONLOCALIZED = YES;
				CLANG_ANALYZER_NONNULL = YES;
				CLANG_ANALYZER_NUMBER_OBJECT_CONVERSION = YES_AGGRESSIVE;
				CLANG_CXX_LANGUAGE_STANDARD = "gnu++20";
				CLANG_ENABLE_MODULES = YES;
				CLANG_ENABLE_OBJC_ARC = YES;
				CLANG_ENABLE_OBJC_WEAK = YES;
				CLANG_WARN_BLOCK_CAPTURE_AUTORELEASING = YES;
				CLANG_WARN_BOOL_CONVERSION = YES;
				CLANG_WARN_COMMA = YES;
				CLANG_WARN_CONSTANT_CONVERSION = YES;
				CLANG_WARN_DEPRECATED_OBJC_IMPLEMENTATIONS = YES;
				CLANG_WARN_DIRECT_OBJC_ISA_USAGE = YES_ERROR;
				CLANG_WARN_DOCUMENTATION_COMMENTS = YES;
				CLANG_WARN_EMPTY_BODY = YES;
				CLANG_WARN_ENUM_CONVERSION = YES;
				CLANG_WARN_INFINITE_RECURSION = YES;
				CLANG_WARN_INT_CONVERSION = YES;
				CLANG_WARN_NON_LITERAL_NULL_CONVERSION = YES;
				CLANG_WARN_OBJC_IMPLICIT_RETAIN_SELF = YES;
				CLANG_WARN_OBJC_LITERAL_CONVERSION = YES;
				CLANG_WARN_OBJC_ROOT_CLASS = YES_ERROR;
				CLANG_WARN_QUOTED_INCLUDE_IN_FRAMEWORK_HEADER = YES;
				CLANG_WARN_RANGE_LOOP_ANALYSIS = YES;
				CLANG_WARN_STRICT_PROTOTYPES = YES;
				CLANG_WARN_SUSPICIOUS_MOVE = YES;
				CLANG_WARN_UNGUARDED_AVAILABILITY = YES_AGGRESSIVE;
				CLANG_WARN_UNREACHABLE_CODE = YES;
				CLANG_WARN__DUPLICATE_METHOD_MATCH = YES;
				COPY_PHASE_STRIP = NO;
				DEBUG_INFORMATION_FORMAT = "dwarf-with-dsym";
				ENABLE_NS_ASSERTIONS = NO;
				ENABLE_STRICT_OBJC_MSGSEND = YES;
				ENABLE_USER_SCRIPT_SANDBOXING = YES;
				GCC_C_LANGUAGE_STANDARD = gnu17;
				GCC_NO_COMMON_BLOCKS = YES;
				GCC_WARN_64_TO_32_BIT_CONVERSION = YES;
				GCC_WARN_ABOUT_RETURN_TYPE = YES_ERROR;
				GCC_WARN_UNDECLARED_SELECTOR = YES;
				GCC_WARN_UNINITIALIZED_AUTOS = YES_AGGRESSIVE;
				GCC_WARN_UNUSED_FUNCTION = YES;
				GCC_WARN_UNUSED_VARIABLE = YES;
				IPHONEOS_DEPLOYMENT_TARGET = 16.0;
				LOCALIZATION_PREFERS_STRING_CATALOGS = YES;
				MTL_ENABLE_DEBUG_INFO = NO;
				MTL_FAST_MATH = YES;
				SDKROOT = iphoneos;
				SWIFT_COMPILATION_MODE = wholemodule;
				VALIDATE_PRODUCT = YES;
			};
			name = Release;
		};
		8CE8A39D2C66657B002AB987 /* Debug */ = {
			isa = XCBuildConfiguration;
			buildSettings = {
				ASSETCATALOG_COMPILER_APPICON_NAME = AppIcon;
				ASSETCATALOG_COMPILER_GLOBAL_ACCENT_COLOR_NAME = AccentColor;
				CODE_SIGN_ENTITLEMENTS = FinalProject/FinalProject.entitlements;
				CODE_SIGN_STYLE = Automatic;
				CURRENT_PROJECT_VERSION = 1;
				DEVELOPMENT_ASSET_PATHS = "\"FinalProject/Preview Content\"";
				DEVELOPMENT_TEAM = JA29DRKRPK;
				ENABLE_PREVIEWS = YES;
				GENERATE_INFOPLIST_FILE = YES;
				INFOPLIST_KEY_UIApplicationSceneManifest_Generation = YES;
				INFOPLIST_KEY_UIApplicationSupportsIndirectInputEvents = YES;
				INFOPLIST_KEY_UILaunchScreen_Generation = YES;
				INFOPLIST_KEY_UISupportedInterfaceOrientations_iPad = "UIInterfaceOrientationPortrait UIInterfaceOrientationPortraitUpsideDown UIInterfaceOrientationLandscapeLeft UIInterfaceOrientationLandscapeRight";
				INFOPLIST_KEY_UISupportedInterfaceOrientations_iPhone = "UIInterfaceOrientationPortrait UIInterfaceOrientationLandscapeLeft UIInterfaceOrientationLandscapeRight";
				IPHONEOS_DEPLOYMENT_TARGET = 16.0;
				LD_RUNPATH_SEARCH_PATHS = (
					"$(inherited)",
					"@executable_path/Frameworks",
				);
				MARKETING_VERSION = 1.0;
				PRODUCT_BUNDLE_IDENTIFIER = "------------.FinalProject";
				PRODUCT_NAME = "$(TARGET_NAME)";
				SWIFT_EMIT_LOC_STRINGS = YES;
				SWIFT_VERSION = 5.0;
				TARGETED_DEVICE_FAMILY = "1,2";
			};
			name = Debug;
		};
		8CE8A39E2C66657B002AB987 /* Release */ = {
			isa = XCBuildConfiguration;
			buildSettings = {
				ASSETCATALOG_COMPILER_APPICON_NAME = AppIcon;
				ASSETCATALOG_COMPILER_GLOBAL_ACCENT_COLOR_NAME = AccentColor;
				CODE_SIGN_ENTITLEMENTS = FinalProject/FinalProject.entitlements;
				CODE_SIGN_STYLE = Automatic;
				CURRENT_PROJECT_VERSION = 1;
				DEVELOPMENT_ASSET_PATHS = "\"FinalProject/Preview Content\"";
				DEVELOPMENT_TEAM = JA29DRKRPK;
				ENABLE_PREVIEWS = YES;
				GENERATE_INFOPLIST_FILE = YES;
				INFOPLIST_KEY_UIApplicationSceneManifest_Generation = YES;
				INFOPLIST_KEY_UIApplicationSupportsIndirectInputEvents = YES;
				INFOPLIST_KEY_UILaunchScreen_Generation = YES;
				INFOPLIST_KEY_UISupportedInterfaceOrientations_iPad = "UIInterfaceOrientationPortrait UIInterfaceOrientationPortraitUpsideDown UIInterfaceOrientationLandscapeLeft UIInterfaceOrientationLandscapeRight";
				INFOPLIST_KEY_UISupportedInterfaceOrientations_iPhone = "UIInterfaceOrientationPortrait UIInterfaceOrientationLandscapeLeft UIInterfaceOrientationLandscapeRight";
				IPHONEOS_DEPLOYMENT_TARGET = 16.0;
				LD_RUNPATH_SEARCH_PATHS = (
					"$(inherited)",
					"@executable_path/Frameworks",
				);
				MARKETING_VERSION = 1.0;
				PRODUCT_BUNDLE_IDENTIFIER = "------------.FinalProject";
				PRODUCT_NAME = "$(TARGET_NAME)";
				SWIFT_EMIT_LOC_STRINGS = YES;
				SWIFT_VERSION = 5.0;
				TARGETED_DEVICE_FAMILY = "1,2";
			};
			name = Release;
		};
/* End XCBuildConfiguration section */

/* Begin XCConfigurationList section */
		8CE8A3892C66657A002AB987 /* Build configuration list for PBXProject "FinalProject" */ = {
			isa = XCConfigurationList;
			buildConfigurations = (
				8CE8A39A2C66657B002AB987 /* Debug */,
				8CE8A39B2C66657B002AB987 /* Release */,
			);
			defaultConfigurationIsVisible = 0;
			defaultConfigurationName = Release;
		};
		8CE8A39C2C66657B002AB987 /* Build configuration list for PBXNativeTarget "FinalProject" */ = {
			isa = XCConfigurationList;
			buildConfigurations = (
				8CE8A39D2C66657B002AB987 /* Debug */,
				8CE8A39E2C66657B002AB987 /* Release */,
			);
			defaultConfigurationIsVisible = 0;
			defaultConfigurationName = Release;
		};
/* End XCConfigurationList section */

/* Begin XCRemoteSwiftPackageReference section */
		9C311B122C6A6D6100920786 /* XCRemoteSwiftPackageReference "KeychainAccess" */ = {
			isa = XCRemoteSwiftPackageReference;
			repositoryURL = "https://github.com/kishikawakatsumi/KeychainAccess.git";
			requirement = {
				branch = master;
				kind = branch;
			};
		};
/* End XCRemoteSwiftPackageReference section */

/* Begin XCSwiftPackageProductDependency section */
		9C15094A2C6A6090003CD729 /* Router */ = {
			isa = XCSwiftPackageProductDependency;
			productName = Router;
		};
		9C15094C2C6A6094003CD729 /* UISystem */ = {
			isa = XCSwiftPackageProductDependency;
			productName = UISystem;
		};
		9C311AFF2C6A661E00920786 /* StorageModule */ = {
			isa = XCSwiftPackageProductDependency;
			productName = StorageModule;
		};
		9C311B052C6A666300920786 /* NetworkModule */ = {
			isa = XCSwiftPackageProductDependency;
			productName = NetworkModule;
		};
		9C311B072C6A666700920786 /* Models */ = {
			isa = XCSwiftPackageProductDependency;
			productName = Models;
		};
		9C311B132C6A6D6100920786 /* KeychainAccess */ = {
			isa = XCSwiftPackageProductDependency;
			package = 9C311B122C6A6D6100920786 /* XCRemoteSwiftPackageReference "KeychainAccess" */;
			productName = KeychainAccess;
		};
/* End XCSwiftPackageProductDependency section */
	};
	rootObject = 8CE8A3862C66657A002AB987 /* Project object */;
}
